
Microsoft Visual Studio Solution File, Format Version 11.00
# Visual Studio 2010
Project("{FAE04EC0-301F-11D3-BF4B-00C04F79EFBC}") = "SampleClient", "SampleClient\SampleClient.csproj", "{CE130D77-F2E5-4C61-B55F-F5EEFAB40BDE}"
EndProject
Global
	GlobalSection(SolutionConfigurationPlatforms) = preSolution
		Debug|x86 = Debug|x86
		Release|x86 = Release|x86
	EndGlobalSection
	GlobalSection(ProjectConfigurationPlatforms) = postSolution
		{CE130D77-F2E5-4C61-B55F-F5EEFAB40BDE}.Debug|x86.ActiveCfg = Debug|x86
		{CE130D77-F2E5-4C61-B55F-F5EEFAB40BDE}.Debug|x86.Build.0 = Debug|x86
		{CE130D77-F2E5-4C61-B55F-F5EEFAB40BDE}.Release|x86.ActiveCfg = Release|x86
		{CE130D77-F2E5-4C61-B55F-F5EEFAB40BDE}.Release|x86.Build.0 = Release|x86
	EndGlobalSection
	GlobalSection(SolutionProperties) = preSolution
		HideSolutionNode = FALSE
	EndGlobalSection
EndGlobal
